github.com/stratoberry/go-gpsd v0.0.0-20161204231141-54ddcfa61f47 h1:VrBVsttOEYT6UQZ0yv0D+Dg+TBPnvDB3bdiNdmiUFsQ=
github.com/stratoberry/go-gpsd v0.0.0-20161204231141-54ddcfa61f47/go.mod h1:AiDv9UF/0tKQBVmL7iojbxXhq36cY1/El3AuhfCK2Co=
github.com/stratoberry/go-gpsd v1.1.0 h1:iwtANxS7uHbs6v7rYkL0F9zWjmoK0g+D9fp/8OtBkJk=
github.com/stratoberry/go-gpsd v1.1.0/go.mod h1:nVf/vTgfYxOMxiQdy9BtJjojbFRtG8H3wNula++VgkU=
github.com/swilcox/go-gpsd v0.0.0-20230923165512-37dcd89ecfc1 h1:Z9Bfdf/QTpplVlXvAwnAppLOedhkuOzzzKfQ12GklsU=
github.com/swilcox/go-gpsd v0.0.0-20230923165512-37dcd89ecfc1/go.mod h1:QZ1jqizWBdsuUjCxG1rFfwRm1F/y0VuaRGt77KO7xoI=
